
Microsoft Visual Studio Solution File, Format Version 12.00
# Visual Studio Version 17
VisualStudioVersion = 17.5.33530.505
MinimumVisualStudioVersion = 10.0.40219.1
Project("{9A19103F-16F7-4668-BE54-9A1E7A4F7556}") = "E-CommerceWebApp", "E-CommerceWebApp\E-CommerceWebApp.csproj", "{3BC78293-3E9B-435C-8CCE-7509BE55E20D}"
EndProject
Project("{FAE04EC0-301F-11D3-BF4B-00C04F79EFBC}") = "E-CommerceWebApp.Tests", "E-CommerceWebApp.Tests\E-CommerceWebApp.Tests.csproj", "{3676ED47-3F71-476B-803B-A2A8654A09B3}"
EndProject
Global
	GlobalSection(SolutionConfigurationPlatforms) = preSolution
		Debug|Any CPU = Debug|Any CPU
		Release|Any CPU = Release|Any CPU
	EndGlobalSection
	GlobalSection(ProjectConfigurationPlatforms) = postSolution
		{3BC78293-3E9B-435C-8CCE-7509BE55E20D}.Debug|Any CPU.ActiveCfg = Debug|Any CPU
		{3BC78293-3E9B-435C-8CCE-7509BE55E20D}.Debug|Any CPU.Build.0 = Debug|Any CPU
		{3BC78293-3E9B-435C-8CCE-7509BE55E20D}.Release|Any CPU.ActiveCfg = Release|Any CPU
		{3BC78293-3E9B-435C-8CCE-7509BE55E20D}.Release|Any CPU.Build.0 = Release|Any CPU
		{3676ED47-3F71-476B-803B-A2A8654A09B3}.Debug|Any CPU.ActiveCfg = Debug|Any CPU
		{3676ED47-3F71-476B-803B-A2A8654A09B3}.Debug|Any CPU.Build.0 = Debug|Any CPU
		{3676ED47-3F71-476B-803B-A2A8654A09B3}.Release|Any CPU.ActiveCfg = Release|Any CPU
		{3676ED47-3F71-476B-803B-A2A8654A09B3}.Release|Any CPU.Build.0 = Release|Any CPU
	EndGlobalSection
	GlobalSection(SolutionProperties) = preSolution
		HideSolutionNode = FALSE
	EndGlobalSection
	GlobalSection(ExtensibilityGlobals) = postSolution
		SolutionGuid = {7A90E776-E4D4-41AB-B051-78BD36329BAF}
	EndGlobalSection
EndGlobal
